
Microsoft Visual Studio Solution File, Format Version 12.00
# Visual Studio Version 17
VisualStudioVersion = 17.13.35825.156 d17.13
MinimumVisualStudioVersion = 10.0.40219.1
Project("{FAE04EC0-301F-11D3-BF4B-00C04F79EFBC}") = "PasswordValidator", "PasswordValidator.csproj", "{D2E054C4-0253-4E06-9187-DC0AB1EB5D3A}"
EndProject
Global
	GlobalSection(SolutionConfigurationPlatforms) = preSolution
		Debug|Any CPU = Debug|Any CPU
		Release|Any CPU = Release|Any CPU
	EndGlobalSection
	GlobalSection(ProjectConfigurationPlatforms) = postSolution
		{D2E054C4-0253-4E06-9187-DC0AB1EB5D3A}.Debug|Any CPU.ActiveCfg = Debug|Any CPU
		{D2E054C4-0253-4E06-9187-DC0AB1EB5D3A}.Debug|Any CPU.Build.0 = Debug|Any CPU
		{D2E054C4-0253-4E06-9187-DC0AB1EB5D3A}.Release|Any CPU.ActiveCfg = Release|Any CPU
		{D2E054C4-0253-4E06-9187-DC0AB1EB5D3A}.Release|Any CPU.Build.0 = Release|Any CPU
	EndGlobalSection
	GlobalSection(SolutionProperties) = preSolution
		HideSolutionNode = FALSE
	EndGlobalSection
	GlobalSection(ExtensibilityGlobals) = postSolution
		SolutionGuid = {DA69FCEC-8353-4854-8A1A-CAB6CC08A107}
	EndGlobalSection
EndGlobal
